schema: '2.0'
stages:
  prepare:
    cmd: python output.py
    deps:
    - path: data.txt
      md5: 23e3701c70feb8e3d7724b987d96c4cc
      size: 12
    - path: output.py
      md5: d1c160f325ebd23a9bb1ce36c0d55152
      size: 125
    outs:
    - path: output.txt
      md5: 38d9dd6259f3b20f5a157be6cbaca4e4
      size: 14
